
Microsoft Visual Studio Solution File, Format Version 12.00
# Visual Studio Version 17
VisualStudioVersion = 17.1.32210.238
MinimumVisualStudioVersion = 10.0.40219.1
Project("{9A19103F-16F7-4668-BE54-9A1E7A4F7556}") = "FindNonMatchingDocuments", "FindNonMatchingDocuments\FindNonMatchingDocuments.csproj", "{443E012D-8681-418D-8452-F8C65C3A4FC1}"
EndProject
Project("{9A19103F-16F7-4668-BE54-9A1E7A4F7556}") = "FindNonMatchingPhotos", "FindNonMatchingPhotos\FindNonMatchingPhotos.csproj", "{19988781-1C15-4E87-B255-92E45E72AA9C}"
EndProject
Project("{FAE04EC0-301F-11D3-BF4B-00C04F79EFBC}") = "FindNonMatchingFiles", "FindNonMatchingFiles\FindNonMatchingFiles.csproj", "{C1B6D8E6-806B-481F-960C-F092C296F887}"
EndProject
Global
	GlobalSection(SolutionConfigurationPlatforms) = preSolution
		Debug|Any CPU = Debug|Any CPU
		Release|Any CPU = Release|Any CPU
	EndGlobalSection
	GlobalSection(ProjectConfigurationPlatforms) = postSolution
		{443E012D-8681-418D-8452-F8C65C3A4FC1}.Debug|Any CPU.ActiveCfg = Debug|Any CPU
		{443E012D-8681-418D-8452-F8C65C3A4FC1}.Debug|Any CPU.Build.0 = Debug|Any CPU
		{443E012D-8681-418D-8452-F8C65C3A4FC1}.Release|Any CPU.ActiveCfg = Release|Any CPU
		{443E012D-8681-418D-8452-F8C65C3A4FC1}.Release|Any CPU.Build.0 = Release|Any CPU
		{19988781-1C15-4E87-B255-92E45E72AA9C}.Debug|Any CPU.ActiveCfg = Debug|Any CPU
		{19988781-1C15-4E87-B255-92E45E72AA9C}.Debug|Any CPU.Build.0 = Debug|Any CPU
		{19988781-1C15-4E87-B255-92E45E72AA9C}.Release|Any CPU.ActiveCfg = Release|Any CPU
		{19988781-1C15-4E87-B255-92E45E72AA9C}.Release|Any CPU.Build.0 = Release|Any CPU
		{C1B6D8E6-806B-481F-960C-F092C296F887}.Debug|Any CPU.ActiveCfg = Debug|Any CPU
		{C1B6D8E6-806B-481F-960C-F092C296F887}.Debug|Any CPU.Build.0 = Debug|Any CPU
		{C1B6D8E6-806B-481F-960C-F092C296F887}.Release|Any CPU.ActiveCfg = Release|Any CPU
		{C1B6D8E6-806B-481F-960C-F092C296F887}.Release|Any CPU.Build.0 = Release|Any CPU
	EndGlobalSection
	GlobalSection(SolutionProperties) = preSolution
		HideSolutionNode = FALSE
	EndGlobalSection
	GlobalSection(ExtensibilityGlobals) = postSolution
		SolutionGuid = {79B8C4AF-E8D4-48AF-9013-A6B025EDCBD6}
	EndGlobalSection
EndGlobal
